
Microsoft Visual Studio Solution File, Format Version 12.00
# Visual Studio 14
VisualStudioVersion = 14.0.24606.1
MinimumVisualStudioVersion = 10.0.40219.1
Project("{F2A71F9B-5D33-465A-A702-920D77279786}") = "GoldenRatio", "GoldenRatio\GoldenRatio.fsproj", "{36729725-E548-42F6-90BB-47949EAAB5A4}"
EndProject
Project("{F2A71F9B-5D33-465A-A702-920D77279786}") = "gunTargetCalculator", "gunTargetCalculator\gunTargetCalculator.fsproj", "{661EB82B-3EA4-4102-8AAE-03376EBE84E3}"
EndProject
Global
	GlobalSection(SolutionConfigurationPlatforms) = preSolution
		Debug|Any CPU = Debug|Any CPU
		Release|Any CPU = Release|Any CPU
	EndGlobalSection
	GlobalSection(ProjectConfigurationPlatforms) = postSolution
		{36729725-E548-42F6-90BB-47949EAAB5A4}.Debug|Any CPU.ActiveCfg = Debug|Any CPU
		{36729725-E548-42F6-90BB-47949EAAB5A4}.Debug|Any CPU.Build.0 = Debug|Any CPU
		{36729725-E548-42F6-90BB-47949EAAB5A4}.Release|Any CPU.ActiveCfg = Release|Any CPU
		{36729725-E548-42F6-90BB-47949EAAB5A4}.Release|Any CPU.Build.0 = Release|Any CPU
		{661EB82B-3EA4-4102-8AAE-03376EBE84E3}.Debug|Any CPU.ActiveCfg = Debug|Any CPU
		{661EB82B-3EA4-4102-8AAE-03376EBE84E3}.Debug|Any CPU.Build.0 = Debug|Any CPU
		{661EB82B-3EA4-4102-8AAE-03376EBE84E3}.Release|Any CPU.ActiveCfg = Release|Any CPU
		{661EB82B-3EA4-4102-8AAE-03376EBE84E3}.Release|Any CPU.Build.0 = Release|Any CPU
	EndGlobalSection
	GlobalSection(SolutionProperties) = preSolution
		HideSolutionNode = FALSE
	EndGlobalSection
EndGlobal
